
Microsoft Visual Studio Solution File, Format Version 12.00
# Visual Studio Version 16
VisualStudioVersion = 16.0.33927.289
MinimumVisualStudioVersion = 10.0.40219.1
Project("{FAE04EC0-301F-11D3-BF4B-00C04F79EFBC}") = "SalesWebMvc14", "SalesWebMvc14\SalesWebMvc14.csproj", "{C0CCD11C-7DE5-4141-8CF5-9C67240CD844}"
EndProject
Global
	GlobalSection(SolutionConfigurationPlatforms) = preSolution
		Debug|Any CPU = Debug|Any CPU
		Release|Any CPU = Release|Any CPU
	EndGlobalSection
	GlobalSection(ProjectConfigurationPlatforms) = postSolution
		{C0CCD11C-7DE5-4141-8CF5-9C67240CD844}.Debug|Any CPU.ActiveCfg = Debug|Any CPU
		{C0CCD11C-7DE5-4141-8CF5-9C67240CD844}.Debug|Any CPU.Build.0 = Debug|Any CPU
		{C0CCD11C-7DE5-4141-8CF5-9C67240CD844}.Release|Any CPU.ActiveCfg = Release|Any CPU
		{C0CCD11C-7DE5-4141-8CF5-9C67240CD844}.Release|Any CPU.Build.0 = Release|Any CPU
	EndGlobalSection
	GlobalSection(SolutionProperties) = preSolution
		HideSolutionNode = FALSE
	EndGlobalSection
	GlobalSection(ExtensibilityGlobals) = postSolution
		SolutionGuid = {94702ADB-F16F-4290-87B7-9A5B5631052A}
	EndGlobalSection
EndGlobal
